// !$*UTF8*$!
{
	archiveVersion = 1;
	classes = {
	};
	objectVersion = 56;
	objects = {

/* Begin PBXBuildFile section */
		1F214574BBC9236843840B15 /* Pods_BookmarkUIKIT.framework in Frameworks */ = {isa = PBXBuildFile; fileRef = 66F4BEB99C76C6B4CBC3FF6D /* Pods_BookmarkUIKIT.framework */; };
		200A3DA12A0EA1700081DDC7 /* ApiController.swift in Sources */ = {isa = PBXBuildFile; fileRef = 200A3DA02A0EA1700081DDC7 /* ApiController.swift */; };
		2022A8972A0116C2006D8F76 /* AppDelegate.swift in Sources */ = {isa = PBXBuildFile; fileRef = 2022A8962A0116C2006D8F76 /* AppDelegate.swift */; };
		2022A89B2A0116C2006D8F76 /* ViewController.swift in Sources */ = {isa = PBXBuildFile; fileRef = 2022A89A2A0116C2006D8F76 /* ViewController.swift */; };
		2022A8A02A0116C2006D8F76 /* Assets.xcassets in Resources */ = {isa = PBXBuildFile; fileRef = 2022A89F2A0116C2006D8F76 /* Assets.xcassets */; };
		2022A8A32A0116C2006D8F76 /* LaunchScreen.storyboard in Resources */ = {isa = PBXBuildFile; fileRef = 2022A8A12A0116C2006D8F76 /* LaunchScreen.storyboard */; };
		2062C0302A01987100D46E07 /* bookmarkAppScreenController.swift in Sources */ = {isa = PBXBuildFile; fileRef = 2062C02F2A01987100D46E07 /* bookmarkAppScreenController.swift */; };
		209ADF132A0132ED00A4C289 /* SecondScreenViewController.swift in Sources */ = {isa = PBXBuildFile; fileRef = 209ADF122A0132ED00A4C289 /* SecondScreenViewController.swift */; };
		20D051572A06FB8000821630 /* CostomR.swift in Sources */ = {isa = PBXBuildFile; fileRef = 20D051562A06FB8000821630 /* CostomR.swift */; };
		20D051592A0850AF00821630 /* WebView.swift in Sources */ = {isa = PBXBuildFile; fileRef = 20D051582A0850AF00821630 /* WebView.swift */; };
		20D366122A0D62E900020977 /* testApi.swift in Sources */ = {isa = PBXBuildFile; fileRef = 20D366112A0D62E900020977 /* testApi.swift */; };
/* End PBXBuildFile section */

/* Begin PBXFileReference section */
		119FDE62D30422C9936A3B66 /* Pods-BookmarkUIKIT.debug.xcconfig */ = {isa = PBXFileReference; includeInIndex = 1; lastKnownFileType = text.xcconfig; name = "Pods-BookmarkUIKIT.debug.xcconfig"; path = "Target Support Files/Pods-BookmarkUIKIT/Pods-BookmarkUIKIT.debug.xcconfig"; sourceTree = "<group>"; };
		200A3DA02A0EA1700081DDC7 /* ApiController.swift */ = {isa = PBXFileReference; lastKnownFileType = sourcecode.swift; path = ApiController.swift; sourceTree = "<group>"; };
		2022A8932A0116C2006D8F76 /* BookmarkUIKIT.app */ = {isa = PBXFileReference; explicitFileType = wrapper.application; includeInIndex = 0; path = BookmarkUIKIT.app; sourceTree = BUILT_PRODUCTS_DIR; };
		2022A8962A0116C2006D8F76 /* AppDelegate.swift */ = {isa = PBXFileReference; lastKnownFileType = sourcecode.swift; path = AppDelegate.swift; sourceTree = "<group>"; };
		2022A89A2A0116C2006D8F76 /* ViewController.swift */ = {isa = PBXFileReference; lastKnownFileType = sourcecode.swift; path = ViewController.swift; sourceTree = "<group>"; };
		2022A89F2A0116C2006D8F76 /* Assets.xcassets */ = {isa = PBXFileReference; lastKnownFileType = folder.assetcatalog; path = Assets.xcassets; sourceTree = "<group>"; };
		2022A8A22A0116C2006D8F76 /* Base */ = {isa = PBXFileReference; lastKnownFileType = file.storyboard; name = Base; path = Base.lproj/LaunchScreen.storyboard; sourceTree = "<group>"; };
		2022A8A42A0116C2006D8F76 /* Info.plist */ = {isa = PBXFileReference; lastKnownFileType = text.plist.xml; path = Info.plist; sourceTree = "<group>"; };
		2062C02F2A01987100D46E07 /* bookmarkAppScreenController.swift */ = {isa = PBXFileReference; lastKnownFileType = sourcecode.swift; path = bookmarkAppScreenController.swift; sourceTree = "<group>"; };
		209ADF122A0132ED00A4C289 /* SecondScreenViewController.swift */ = {isa = PBXFileReference; lastKnownFileType = sourcecode.swift; path = SecondScreenViewController.swift; sourceTree = "<group>"; };
		20D051562A06FB8000821630 /* CostomR.swift */ = {isa = PBXFileReference; lastKnownFileType = sourcecode.swift; path = CostomR.swift; sourceTree = "<group>"; };
		20D051582A0850AF00821630 /* WebView.swift */ = {isa = PBXFileReference; lastKnownFileType = sourcecode.swift; path = WebView.swift; sourceTree = "<group>"; };
		20D366112A0D62E900020977 /* testApi.swift */ = {isa = PBXFileReference; lastKnownFileType = sourcecode.swift; path = testApi.swift; sourceTree = "<group>"; };
		60C6EFB9265EABBECF1A5AA2 /* Pods-BookmarkUIKIT.release.xcconfig */ = {isa = PBXFileReference; includeInIndex = 1; lastKnownFileType = text.xcconfig; name = "Pods-BookmarkUIKIT.release.xcconfig"; path = "Target Support Files/Pods-BookmarkUIKIT/Pods-BookmarkUIKIT.release.xcconfig"; sourceTree = "<group>"; };
		66F4BEB99C76C6B4CBC3FF6D /* Pods_BookmarkUIKIT.framework */ = {isa = PBXFileReference; explicitFileType = wrapper.framework; includeInIndex = 0; path = Pods_BookmarkUIKIT.framework; sourceTree = BUILT_PRODUCTS_DIR; };
/* End PBXFileReference section */

/* Begin PBXFrameworksBuildPhase section */
		2022A8902A0116C2006D8F76 /* Frameworks */ = {
			isa = PBXFrameworksBuildPhase;
			buildActionMask = 2147483647;
			files = (
				1F214574BBC9236843840B15 /* Pods_BookmarkUIKIT.framework in Frameworks */,
			);
			runOnlyForDeploymentPostprocessing = 0;
		};
/* End PBXFrameworksBuildPhase section */

/* Begin PBXGroup section */
		08D7D2C7B0C7CA72F2A21CEF /* Pods */ = {
			isa = PBXGroup;
			children = (
				119FDE62D30422C9936A3B66 /* Pods-BookmarkUIKIT.debug.xcconfig */,
				60C6EFB9265EABBECF1A5AA2 /* Pods-BookmarkUIKIT.release.xcconfig */,
			);
			path = Pods;
			sourceTree = "<group>";
		};
		2022A88A2A0116C2006D8F76 = {
			isa = PBXGroup;
			children = (
				2022A8952A0116C2006D8F76 /* BookmarkUIKIT */,
				2022A8942A0116C2006D8F76 /* Products */,
				08D7D2C7B0C7CA72F2A21CEF /* Pods */,
				98248EB9CFF96C2640191592 /* Frameworks */,
			);
			sourceTree = "<group>";
		};
		2022A8942A0116C2006D8F76 /* Products */ = {
			isa = PBXGroup;
			children = (
				2022A8932A0116C2006D8F76 /* BookmarkUIKIT.app */,
			);
			name = Products;
			sourceTree = "<group>";
		};
		2022A8952A0116C2006D8F76 /* BookmarkUIKIT */ = {
			isa = PBXGroup;
			children = (
				20D366112A0D62E900020977 /* testApi.swift */,
				20D051582A0850AF00821630 /* WebView.swift */,
				20D051562A06FB8000821630 /* CostomR.swift */,
				2062C02F2A01987100D46E07 /* bookmarkAppScreenController.swift */,
				2022A8962A0116C2006D8F76 /* AppDelegate.swift */,
				209ADF122A0132ED00A4C289 /* SecondScreenViewController.swift */,
				2022A89A2A0116C2006D8F76 /* ViewController.swift */,
				2022A89F2A0116C2006D8F76 /* Assets.xcassets */,
				2022A8A12A0116C2006D8F76 /* LaunchScreen.storyboard */,
				2022A8A42A0116C2006D8F76 /* Info.plist */,
				200A3DA02A0EA1700081DDC7 /* ApiController.swift */,
			);
			path = BookmarkUIKIT;
			sourceTree = "<group>";
		};
		98248EB9CFF96C2640191592 /* Frameworks */ = {
			isa = PBXGroup;
			children = (
				66F4BEB99C76C6B4CBC3FF6D /* Pods_BookmarkUIKIT.framework */,
			);
			name = Frameworks;
			sourceTree = "<group>";
		};
/* End PBXGroup section */

/* Begin PBXNativeTarget section */
		2022A8922A0116C2006D8F76 /* BookmarkUIKIT */ = {
			isa = PBXNativeTarget;
			buildConfigurationList = 2022A8A72A0116C2006D8F76 /* Build configuration list for PBXNativeTarget "BookmarkUIKIT" */;
			buildPhases = (
				AF4950EB36EFEEB1659431F6 /* [CP] Check Pods Manifest.lock */,
				2022A88F2A0116C2006D8F76 /* Sources */,
				2022A8902A0116C2006D8F76 /* Frameworks */,
				2022A8912A0116C2006D8F76 /* Resources */,
				66B904814DA52D6091FA874B /* [CP] Embed Pods Frameworks */,
			);
			buildRules = (
			);
			dependencies = (
			);
			name = BookmarkUIKIT;
			productName = BookmarkUIKIT;
			productReference = 2022A8932A0116C2006D8F76 /* BookmarkUIKIT.app */;
			productType = "com.apple.product-type.application";
		};
/* End PBXNativeTarget section */

/* Begin PBXProject section */
		2022A88B2A0116C2006D8F76 /* Project object */ = {
			isa = PBXProject;
			attributes = {
				BuildIndependentTargetsInParallel = 1;
				LastSwiftUpdateCheck = 1420;
				LastUpgradeCheck = 1420;
				TargetAttributes = {
					2022A8922A0116C2006D8F76 = {
						CreatedOnToolsVersion = 14.2;
					};
				};
			};
			buildConfigurationList = 2022A88E2A0116C2006D8F76 /* Build configuration list for PBXProject "BookmarkUIKIT" */;
			compatibilityVersion = "Xcode 14.0";
			developmentRegion = en;
			hasScannedForEncodings = 0;
			knownRegions = (
				en,
				Base,
			);
			mainGroup = 2022A88A2A0116C2006D8F76;
			productRefGroup = 2022A8942A0116C2006D8F76 /* Products */;
			projectDirPath = "";
			projectRoot = "";
			targets = (
				2022A8922A0116C2006D8F76 /* BookmarkUIKIT */,
			);
		};
/* End PBXProject section */

/* Begin PBXResourcesBuildPhase section */
		2022A8912A0116C2006D8F76 /* Resources */ = {
			isa = PBXResourcesBuildPhase;
			buildActionMask = 2147483647;
			files = (
				2022A8A32A0116C2006D8F76 /* LaunchScreen.storyboard in Resources */,
				2022A8A02A0116C2006D8F76 /* Assets.xcassets in Resources */,
			);
			runOnlyForDeploymentPostprocessing = 0;
		};
/* End PBXResourcesBuildPhase section */

/* Begin PBXShellScriptBuildPhase section */
		66B904814DA52D6091FA874B /* [CP] Embed Pods Frameworks */ = {
			isa = PBXShellScriptBuildPhase;
			buildActionMask = 2147483647;
			files = (
			);
			inputFileListPaths = (
				"${PODS_ROOT}/Target Support Files/Pods-BookmarkUIKIT/Pods-BookmarkUIKIT-frameworks-${CONFIGURATION}-input-files.xcfilelist",
			);
			name = "[CP] Embed Pods Frameworks";
			outputFileListPaths = (
				"${PODS_ROOT}/Target Support Files/Pods-BookmarkUIKIT/Pods-BookmarkUIKIT-frameworks-${CONFIGURATION}-output-files.xcfilelist",
			);
			runOnlyForDeploymentPostprocessing = 0;
			shellPath = /bin/sh;
			shellScript = "\"${PODS_ROOT}/Target Support Files/Pods-BookmarkUIKIT/Pods-BookmarkUIKIT-frameworks.sh\"\n";
			showEnvVarsInLog = 0;
		};
		AF4950EB36EFEEB1659431F6 /* [CP] Check Pods Manifest.lock */ = {
			isa = PBXShellScriptBuildPhase;
			buildActionMask = 2147483647;
			files = (
			);
			inputFileListPaths = (
			);
			inputPaths = (
				"${PODS_PODFILE_DIR_PATH}/Podfile.lock",
				"${PODS_ROOT}/Manifest.lock",
			);
			name = "[CP] Check Pods Manifest.lock";
			outputFileListPaths = (
			);
			outputPaths = (
				"$(DERIVED_FILE_DIR)/Pods-BookmarkUIKIT-checkManifestLockResult.txt",
			);
			runOnlyForDeploymentPostprocessing = 0;
			shellPath = /bin/sh;
			shellScript = "diff \"${PODS_PODFILE_DIR_PATH}/Podfile.lock\" \"${PODS_ROOT}/Manifest.lock\" > /dev/null\nif [ $? != 0 ] ; then\n    # print error to STDERR\n    echo \"error: The sandbox is not in sync with the Podfile.lock. Run 'pod install' or update your CocoaPods installation.\" >&2\n    exit 1\nfi\n# This output is used by Xcode 'outputs' to avoid re-running this script phase.\necho \"SUCCESS\" > \"${SCRIPT_OUTPUT_FILE_0}\"\n";
			showEnvVarsInLog = 0;
		};
/* End PBXShellScriptBuildPhase section */

/* Begin PBXSourcesBuildPhase section */
		2022A88F2A0116C2006D8F76 /* Sources */ = {
			isa = PBXSourcesBuildPhase;
			buildActionMask = 2147483647;
			files = (
				20D366122A0D62E900020977 /* testApi.swift in Sources */,
				209ADF132A0132ED00A4C289 /* SecondScreenViewController.swift in Sources */,
				20D051572A06FB8000821630 /* CostomR.swift in Sources */,
				2062C0302A01987100D46E07 /* bookmarkAppScreenController.swift in Sources */,
				200A3DA12A0EA1700081DDC7 /* ApiController.swift in Sources */,
				20D051592A0850AF00821630 /* WebView.swift in Sources */,
				2022A89B2A0116C2006D8F76 /* ViewController.swift in Sources */,
				2022A8972A0116C2006D8F76 /* AppDelegate.swift in Sources */,
			);
			runOnlyForDeploymentPostprocessing = 0;
		};
/* End PBXSourcesBuildPhase section */

/* Begin PBXVariantGroup section */
		2022A8A12A0116C2006D8F76 /* LaunchScreen.storyboard */ = {
			isa = PBXVariantGroup;
			children = (
				2022A8A22A0116C2006D8F76 /* Base */,
			);
			name = LaunchScreen.storyboard;
			sourceTree = "<group>";
		};
/* End PBXVariantGroup section */

/* Begin XCBuildConfiguration section */
		2022A8A52A0116C2006D8F76 /* Debug */ = {
			isa = XCBuildConfiguration;
			buildSettings = {
				ALWAYS_SEARCH_USER_PATHS = NO;
				CLANG_ANALYZER_NONNULL = YES;
				CLANG_ANALYZER_NUMBER_OBJECT_CONVERSION = YES_AGGRESSIVE;
				CLANG_CXX_LANGUAGE_STANDARD = "gnu++20";
				CLANG_ENABLE_MODULES = YES;
				CLANG_ENABLE_OBJC_ARC = YES;
				CLANG_ENABLE_OBJC_WEAK = YES;
				CLANG_WARN_BLOCK_CAPTURE_AUTORELEASING = YES;
				CLANG_WARN_BOOL_CONVERSION = YES;
				CLANG_WARN_COMMA = YES;
				CLANG_WARN_CONSTANT_CONVERSION = YES;
				CLANG_WARN_DEPRECATED_OBJC_IMPLEMENTATIONS = YES;
				CLANG_WARN_DIRECT_OBJC_ISA_USAGE = YES_ERROR;
				CLANG_WARN_DOCUMENTATION_COMMENTS = YES;
				CLANG_WARN_EMPTY_BODY = YES;
				CLANG_WARN_ENUM_CONVERSION = YES;
				CLANG_WARN_INFINITE_RECURSION = YES;
				CLANG_WARN_INT_CONVERSION = YES;
				CLANG_WARN_NON_LITERAL_NULL_CONVERSION = YES;
				CLANG_WARN_OBJC_IMPLICIT_RETAIN_SELF = YES;
				CLANG_WARN_OBJC_LITERAL_CONVERSION = YES;
				CLANG_WARN_OBJC_ROOT_CLASS = YES_ERROR;
				CLANG_WARN_QUOTED_INCLUDE_IN_FRAMEWORK_HEADER = YES;
				CLANG_WARN_RANGE_LOOP_ANALYSIS = YES;
				CLANG_WARN_STRICT_PROTOTYPES = YES;
				CLANG_WARN_SUSPICIOUS_MOVE = YES;
				CLANG_WARN_UNGUARDED_AVAILABILITY = YES_AGGRESSIVE;
				CLANG_WARN_UNREACHABLE_CODE = YES;
				CLANG_WARN__DUPLICATE_METHOD_MATCH = YES;
				COPY_PHASE_STRIP = NO;
				DEBUG_INFORMATION_FORMAT = dwarf;
				ENABLE_STRICT_OBJC_MSGSEND = YES;
				ENABLE_TESTABILITY = YES;
				GCC_C_LANGUAGE_STANDARD = gnu11;
				GCC_DYNAMIC_NO_PIC = NO;
				GCC_NO_COMMON_BLOCKS = YES;
				GCC_OPTIMIZATION_LEVEL = 0;
				GCC_PREPROCESSOR_DEFINITIONS = (
					"DEBUG=1",
					"$(inherited)",
				);
				GCC_WARN_64_TO_32_BIT_CONVERSION = YES;
				GCC_WARN_ABOUT_RETURN_TYPE = YES_ERROR;
				GCC_WARN_UNDECLARED_SELECTOR = YES;
				GCC_WARN_UNINITIALIZED_AUTOS = YES_AGGRESSIVE;
				GCC_WARN_UNUSED_FUNCTION = YES;
				GCC_WARN_UNUSED_VARIABLE = YES;
				IPHONEOS_DEPLOYMENT_TARGET = 16.2;
				MTL_ENABLE_DEBUG_INFO = INCLUDE_SOURCE;
				MTL_FAST_MATH = YES;
				ONLY_ACTIVE_ARCH = YES;
				SDKROOT = iphoneos;
				SWIFT_ACTIVE_COMPILATION_CONDITIONS = DEBUG;
				SWIFT_OPTIMIZATION_LEVEL = "-Onone";
			};
			name = Debug;
		};
		2022A8A62A0116C2006D8F76 /* Release */ = {
			isa = XCBuildConfiguration;
			buildSettings = {
				ALWAYS_SEARCH_USER_PATHS = NO;
				CLANG_ANALYZER_NONNULL = YES;
				CLANG_ANALYZER_NUMBER_OBJECT_CONVERSION = YES_AGGRESSIVE;
				CLANG_CXX_LANGUAGE_STANDARD = "gnu++20";
				CLANG_ENABLE_MODULES = YES;
				CLANG_ENABLE_OBJC_ARC = YES;
				CLANG_ENABLE_OBJC_WEAK = YES;
				CLANG_WARN_BLOCK_CAPTURE_AUTORELEASING = YES;
				CLANG_WARN_BOOL_CONVERSION = YES;
				CLANG_WARN_COMMA = YES;
				CLANG_WARN_CONSTANT_CONVERSION = YES;
				CLANG_WARN_DEPRECATED_OBJC_IMPLEMENTATIONS = YES;
				CLANG_WARN_DIRECT_OBJC_ISA_USAGE = YES_ERROR;
				CLANG_WARN_DOCUMENTATION_COMMENTS = YES;
				CLANG_WARN_EMPTY_BODY = YES;
				CLANG_WARN_ENUM_CONVERSION = YES;
				CLANG_WARN_INFINITE_RECURSION = YES;
				CLANG_WARN_INT_CONVERSION = YES;
				CLANG_WARN_NON_LITERAL_NULL_CONVERSION = YES;
				CLANG_WARN_OBJC_IMPLICIT_RETAIN_SELF = YES;
				CLANG_WARN_OBJC_LITERAL_CONVERSION = YES;
				CLANG_WARN_OBJC_ROOT_CLASS = YES_ERROR;
				CLANG_WARN_QUOTED_INCLUDE_IN_FRAMEWORK_HEADER = YES;
				CLANG_WARN_RANGE_LOOP_ANALYSIS = YES;
				CLANG_WARN_STRICT_PROTOTYPES = YES;
				CLANG_WARN_SUSPICIOUS_MOVE = YES;
				CLANG_WARN_UNGUARDED_AVAILABILITY = YES_AGGRESSIVE;
				CLANG_WARN_UNREACHABLE_CODE = YES;
				CLANG_WARN__DUPLICATE_METHOD_MATCH = YES;
				COPY_PHASE_STRIP = NO;
				DEBUG_INFORMATION_FORMAT = "dwarf-with-dsym";
				ENABLE_NS_ASSERTIONS = NO;
				ENABLE_STRICT_OBJC_MSGSEND = YES;
				GCC_C_LANGUAGE_STANDARD = gnu11;
				GCC_NO_COMMON_BLOCKS = YES;
				GCC_WARN_64_TO_32_BIT_CONVERSION = YES;
				GCC_WARN_ABOUT_RETURN_TYPE = YES_ERROR;
				GCC_WARN_UNDECLARED_SELECTOR = YES;
				GCC_WARN_UNINITIALIZED_AUTOS = YES_AGGRESSIVE;
				GCC_WARN_UNUSED_FUNCTION = YES;
				GCC_WARN_UNUSED_VARIABLE = YES;
				IPHONEOS_DEPLOYMENT_TARGET = 16.2;
				MTL_ENABLE_DEBUG_INFO = NO;
				MTL_FAST_MATH = YES;
				SDKROOT = iphoneos;
				SWIFT_COMPILATION_MODE = wholemodule;
				SWIFT_OPTIMIZATION_LEVEL = "-O";
				VALIDATE_PRODUCT = YES;
			};
			name = Release;
		};
		2022A8A82A0116C2006D8F76 /* Debug */ = {
			isa = XCBuildConfiguration;
			baseConfigurationReference = 119FDE62D30422C9936A3B66 /* Pods-BookmarkUIKIT.debug.xcconfig */;
			buildSettings = {
				ASSETCATALOG_COMPILER_APPICON_NAME = AppIcon;
				ASSETCATALOG_COMPILER_GLOBAL_ACCENT_COLOR_NAME = AccentColor;
				CODE_SIGN_STYLE = Automatic;
				CURRENT_PROJECT_VERSION = 1;
				DEVELOPMENT_TEAM = 2S7WM8DH7R;
				GENERATE_INFOPLIST_FILE = YES;
				INFOPLIST_FILE = BookmarkUIKIT/Info.plist;
				INFOPLIST_KEY_UIApplicationSupportsIndirectInputEvents = YES;
				INFOPLIST_KEY_UILaunchStoryboardName = LaunchScreen;
				INFOPLIST_KEY_UIMainStoryboardFile = "";
				INFOPLIST_KEY_UISupportedInterfaceOrientations_iPad = "UIInterfaceOrientationPortrait UIInterfaceOrientationPortraitUpsideDown UIInterfaceOrientationLandscapeLeft UIInterfaceOrientationLandscapeRight";
				INFOPLIST_KEY_UISupportedInterfaceOrientations_iPhone = "UIInterfaceOrientationPortrait UIInterfaceOrientationLandscapeLeft UIInterfaceOrientationLandscapeRight";
				LD_RUNPATH_SEARCH_PATHS = (
					"$(inherited)",
					"@executable_path/Frameworks",
				);
				MARKETING_VERSION = 1.0;
				PRODUCT_BUNDLE_IDENTIFIER = "Abylay-default-project.BookmarkUIKIT";
				PRODUCT_NAME = "$(TARGET_NAME)";
				SWIFT_EMIT_LOC_STRINGS = YES;
				SWIFT_VERSION = 5.0;
				TARGETED_DEVICE_FAMILY = "1,2";
			};
			name = Debug;
		};
		2022A8A92A0116C2006D8F76 /* Release */ = {
			isa = XCBuildConfiguration;
			baseConfigurationReference = 60C6EFB9265EABBECF1A5AA2 /* Pods-BookmarkUIKIT.release.xcconfig */;
			buildSettings = {
				ASSETCATALOG_COMPILER_APPICON_NAME = AppIcon;
				ASSETCATALOG_COMPILER_GLOBAL_ACCENT_COLOR_NAME = AccentColor;
				CODE_SIGN_STYLE = Automatic;
				CURRENT_PROJECT_VERSION = 1;
				DEVELOPMENT_TEAM = 2S7WM8DH7R;
				GENERATE_INFOPLIST_FILE = YES;
				INFOPLIST_FILE = BookmarkUIKIT/Info.plist;
				INFOPLIST_KEY_UIApplicationSupportsIndirectInputEvents = YES;
				INFOPLIST_KEY_UILaunchStoryboardName = LaunchScreen;
				INFOPLIST_KEY_UIMainStoryboardFile = "";
				INFOPLIST_KEY_UISupportedInterfaceOrientations_iPad = "UIInterfaceOrientationPortrait UIInterfaceOrientationPortraitUpsideDown UIInterfaceOrientationLandscapeLeft UIInterfaceOrientationLandscapeRight";
				INFOPLIST_KEY_UISupportedInterfaceOrientations_iPhone = "UIInterfaceOrientationPortrait UIInterfaceOrientationLandscapeLeft UIInterfaceOrientationLandscapeRight";
				LD_RUNPATH_SEARCH_PATHS = (
					"$(inherited)",
					"@executable_path/Frameworks",
				);
				MARKETING_VERSION = 1.0;
				PRODUCT_BUNDLE_IDENTIFIER = "Abylay-default-project.BookmarkUIKIT";
				PRODUCT_NAME = "$(TARGET_NAME)";
				SWIFT_EMIT_LOC_STRINGS = YES;
				SWIFT_VERSION = 5.0;
				TARGETED_DEVICE_FAMILY = "1,2";
			};
			name = Release;
		};
/* End XCBuildConfiguration section */

/* Begin XCConfigurationList section */
		2022A88E2A0116C2006D8F76 /* Build configuration list for PBXProject "BookmarkUIKIT" */ = {
			isa = XCConfigurationList;
			buildConfigurations = (
				2022A8A52A0116C2006D8F76 /* Debug */,
				2022A8A62A0116C2006D8F76 /* Release */,
			);
			defaultConfigurationIsVisible = 0;
			defaultConfigurationName = Release;
		};
		2022A8A72A0116C2006D8F76 /* Build configuration list for PBXNativeTarget "BookmarkUIKIT" */ = {
			isa = XCConfigurationList;
			buildConfigurations = (
				2022A8A82A0116C2006D8F76 /* Debug */,
				2022A8A92A0116C2006D8F76 /* Release */,
			);
			defaultConfigurationIsVisible = 0;
			defaultConfigurationName = Release;
		};
/* End XCConfigurationList section */
	};
	rootObject = 2022A88B2A0116C2006D8F76 /* Project object */;
}
