// !$*UTF8*$!
{
	archiveVersion = 1;
	classes = {
	};
	objectVersion = 56;
	objects = {

/* Begin PBXBuildFile section */
		204AFCDF2A1CDCAC004D458B /* OnBoarding.swift in Sources */ = {isa = PBXBuildFile; fileRef = 204AFCDE2A1CDCAC004D458B /* OnBoarding.swift */; };
		204AFCE12A1CDD4D004D458B /* SignUpPage.swift in Sources */ = {isa = PBXBuildFile; fileRef = 204AFCE02A1CDD4D004D458B /* SignUpPage.swift */; };
		204AFCE32A1CEA19004D458B /* SignUp.swift in Sources */ = {isa = PBXBuildFile; fileRef = 204AFCE22A1CEA19004D458B /* SignUp.swift */; };
		204AFCE52A1CEA25004D458B /* SignIn.swift in Sources */ = {isa = PBXBuildFile; fileRef = 204AFCE42A1CEA25004D458B /* SignIn.swift */; };
		205309B92A1F82E2005D4AAE /* SneakerCollection.swift in Sources */ = {isa = PBXBuildFile; fileRef = 205309B82A1F82E2005D4AAE /* SneakerCollection.swift */; };
		2066B5092A23E19800919C6E /* CardView.swift in Sources */ = {isa = PBXBuildFile; fileRef = 2066B5082A23E19800919C6E /* CardView.swift */; };
		2066B50B2A251F5B00919C6E /* UserProfile.swift in Sources */ = {isa = PBXBuildFile; fileRef = 2066B50A2A251F5B00919C6E /* UserProfile.swift */; };
		2066B50D2A2524AE00919C6E /* AccountInformation.swift in Sources */ = {isa = PBXBuildFile; fileRef = 2066B50C2A2524AE00919C6E /* AccountInformation.swift */; };
		2066B50F2A25DE3200919C6E /* OrderHistory.swift in Sources */ = {isa = PBXBuildFile; fileRef = 2066B50E2A25DE3200919C6E /* OrderHistory.swift */; };
		20B0F2952A1A9277004804D9 /* FinalProjectApp.swift in Sources */ = {isa = PBXBuildFile; fileRef = 20B0F2942A1A9277004804D9 /* FinalProjectApp.swift */; };
		20B0F2972A1A9277004804D9 /* ContentView.swift in Sources */ = {isa = PBXBuildFile; fileRef = 20B0F2962A1A9277004804D9 /* ContentView.swift */; };
		20B0F2992A1A9278004804D9 /* Assets.xcassets in Resources */ = {isa = PBXBuildFile; fileRef = 20B0F2982A1A9278004804D9 /* Assets.xcassets */; };
		20B0F29C2A1A9278004804D9 /* Preview Assets.xcassets in Resources */ = {isa = PBXBuildFile; fileRef = 20B0F29B2A1A9278004804D9 /* Preview Assets.xcassets */; };
		20B0F2A32A1A92A8004804D9 /* ApiConnect.swift in Sources */ = {isa = PBXBuildFile; fileRef = 20B0F2A22A1A92A8004804D9 /* ApiConnect.swift */; };
/* End PBXBuildFile section */

/* Begin PBXFileReference section */
		204AFCDE2A1CDCAC004D458B /* OnBoarding.swift */ = {isa = PBXFileReference; lastKnownFileType = sourcecode.swift; path = OnBoarding.swift; sourceTree = "<group>"; };
		204AFCE02A1CDD4D004D458B /* SignUpPage.swift */ = {isa = PBXFileReference; lastKnownFileType = sourcecode.swift; path = SignUpPage.swift; sourceTree = "<group>"; };
		204AFCE22A1CEA19004D458B /* SignUp.swift */ = {isa = PBXFileReference; lastKnownFileType = sourcecode.swift; path = SignUp.swift; sourceTree = "<group>"; };
		204AFCE42A1CEA25004D458B /* SignIn.swift */ = {isa = PBXFileReference; lastKnownFileType = sourcecode.swift; path = SignIn.swift; sourceTree = "<group>"; };
		205309B82A1F82E2005D4AAE /* SneakerCollection.swift */ = {isa = PBXFileReference; lastKnownFileType = sourcecode.swift; path = SneakerCollection.swift; sourceTree = "<group>"; };
		2066B5082A23E19800919C6E /* CardView.swift */ = {isa = PBXFileReference; lastKnownFileType = sourcecode.swift; path = CardView.swift; sourceTree = "<group>"; };
		2066B50A2A251F5B00919C6E /* UserProfile.swift */ = {isa = PBXFileReference; lastKnownFileType = sourcecode.swift; path = UserProfile.swift; sourceTree = "<group>"; };
		2066B50C2A2524AE00919C6E /* AccountInformation.swift */ = {isa = PBXFileReference; lastKnownFileType = sourcecode.swift; path = AccountInformation.swift; sourceTree = "<group>"; };
		2066B50E2A25DE3200919C6E /* OrderHistory.swift */ = {isa = PBXFileReference; lastKnownFileType = sourcecode.swift; path = OrderHistory.swift; sourceTree = "<group>"; };
		20B0F2912A1A9277004804D9 /* FinalProject.app */ = {isa = PBXFileReference; explicitFileType = wrapper.application; includeInIndex = 0; path = FinalProject.app; sourceTree = BUILT_PRODUCTS_DIR; };
		20B0F2942A1A9277004804D9 /* FinalProjectApp.swift */ = {isa = PBXFileReference; lastKnownFileType = sourcecode.swift; path = FinalProjectApp.swift; sourceTree = "<group>"; };
		20B0F2962A1A9277004804D9 /* ContentView.swift */ = {isa = PBXFileReference; lastKnownFileType = sourcecode.swift; path = ContentView.swift; sourceTree = "<group>"; };
		20B0F2982A1A9278004804D9 /* Assets.xcassets */ = {isa = PBXFileReference; lastKnownFileType = folder.assetcatalog; path = Assets.xcassets; sourceTree = "<group>"; };
		20B0F29B2A1A9278004804D9 /* Preview Assets.xcassets */ = {isa = PBXFileReference; lastKnownFileType = folder.assetcatalog; path = "Preview Assets.xcassets"; sourceTree = "<group>"; };
		20B0F2A22A1A92A8004804D9 /* ApiConnect.swift */ = {isa = PBXFileReference; lastKnownFileType = sourcecode.swift; path = ApiConnect.swift; sourceTree = "<group>"; };
/* End PBXFileReference section */

/* Begin PBXFrameworksBuildPhase section */
		20B0F28E2A1A9277004804D9 /* Frameworks */ = {
			isa = PBXFrameworksBuildPhase;
			buildActionMask = 2147483647;
			files = (
			);
			runOnlyForDeploymentPostprocessing = 0;
		};
/* End PBXFrameworksBuildPhase section */

/* Begin PBXGroup section */
		204AFCE62A1CEA92004D458B /* Authroziation */ = {
			isa = PBXGroup;
			children = (
				204AFCE02A1CDD4D004D458B /* SignUpPage.swift */,
				204AFCE22A1CEA19004D458B /* SignUp.swift */,
				204AFCE42A1CEA25004D458B /* SignIn.swift */,
			);
			path = Authroziation;
			sourceTree = "<group>";
		};
		2066B5062A23E0EE00919C6E /* OnBoarding */ = {
			isa = PBXGroup;
			children = (
				204AFCDE2A1CDCAC004D458B /* OnBoarding.swift */,
			);
			name = OnBoarding;
			sourceTree = "<group>";
		};
		20B0F2882A1A9277004804D9 = {
			isa = PBXGroup;
			children = (
				20B0F2932A1A9277004804D9 /* FinalProject */,
				20B0F2922A1A9277004804D9 /* Products */,
			);
			sourceTree = "<group>";
		};
		20B0F2922A1A9277004804D9 /* Products */ = {
			isa = PBXGroup;
			children = (
				20B0F2912A1A9277004804D9 /* FinalProject.app */,
			);
			name = Products;
			sourceTree = "<group>";
		};
		20B0F2932A1A9277004804D9 /* FinalProject */ = {
			isa = PBXGroup;
			children = (
				2066B5062A23E0EE00919C6E /* OnBoarding */,
				204AFCE62A1CEA92004D458B /* Authroziation */,
				20B0F2A22A1A92A8004804D9 /* ApiConnect.swift */,
				205309B82A1F82E2005D4AAE /* SneakerCollection.swift */,
				20B0F2942A1A9277004804D9 /* FinalProjectApp.swift */,
				20B0F2962A1A9277004804D9 /* ContentView.swift */,
				2066B5082A23E19800919C6E /* CardView.swift */,
				2066B50A2A251F5B00919C6E /* UserProfile.swift */,
				2066B50E2A25DE3200919C6E /* OrderHistory.swift */,
				2066B50C2A2524AE00919C6E /* AccountInformation.swift */,
				20B0F2982A1A9278004804D9 /* Assets.xcassets */,
				20B0F29A2A1A9278004804D9 /* Preview Content */,
			);
			path = FinalProject;
			sourceTree = "<group>";
		};
		20B0F29A2A1A9278004804D9 /* Preview Content */ = {
			isa = PBXGroup;
			children = (
				20B0F29B2A1A9278004804D9 /* Preview Assets.xcassets */,
			);
			path = "Preview Content";
			sourceTree = "<group>";
		};
/* End PBXGroup section */

/* Begin PBXNativeTarget section */
		20B0F2902A1A9277004804D9 /* FinalProject */ = {
			isa = PBXNativeTarget;
			buildConfigurationList = 20B0F29F2A1A9278004804D9 /* Build configuration list for PBXNativeTarget "FinalProject" */;
			buildPhases = (
				20B0F28D2A1A9277004804D9 /* Sources */,
				20B0F28E2A1A9277004804D9 /* Frameworks */,
				20B0F28F2A1A9277004804D9 /* Resources */,
			);
			buildRules = (
			);
			dependencies = (
			);
			name = FinalProject;
			productName = FinalProject;
			productReference = 20B0F2912A1A9277004804D9 /* FinalProject.app */;
			productType = "com.apple.product-type.application";
		};
/* End PBXNativeTarget section */

/* Begin PBXProject section */
		20B0F2892A1A9277004804D9 /* Project object */ = {
			isa = PBXProject;
			attributes = {
				BuildIndependentTargetsInParallel = 1;
				LastSwiftUpdateCheck = 1420;
				LastUpgradeCheck = 1420;
				TargetAttributes = {
					20B0F2902A1A9277004804D9 = {
						CreatedOnToolsVersion = 14.2;
					};
				};
			};
			buildConfigurationList = 20B0F28C2A1A9277004804D9 /* Build configuration list for PBXProject "FinalProject" */;
			compatibilityVersion = "Xcode 14.0";
			developmentRegion = en;
			hasScannedForEncodings = 0;
			knownRegions = (
				en,
				Base,
			);
			mainGroup = 20B0F2882A1A9277004804D9;
			productRefGroup = 20B0F2922A1A9277004804D9 /* Products */;
			projectDirPath = "";
			projectRoot = "";
			targets = (
				20B0F2902A1A9277004804D9 /* FinalProject */,
			);
		};
/* End PBXProject section */

/* Begin PBXResourcesBuildPhase section */
		20B0F28F2A1A9277004804D9 /* Resources */ = {
			isa = PBXResourcesBuildPhase;
			buildActionMask = 2147483647;
			files = (
				20B0F29C2A1A9278004804D9 /* Preview Assets.xcassets in Resources */,
				20B0F2992A1A9278004804D9 /* Assets.xcassets in Resources */,
			);
			runOnlyForDeploymentPostprocessing = 0;
		};
/* End PBXResourcesBuildPhase section */

/* Begin PBXSourcesBuildPhase section */
		20B0F28D2A1A9277004804D9 /* Sources */ = {
			isa = PBXSourcesBuildPhase;
			buildActionMask = 2147483647;
			files = (
				204AFCE32A1CEA19004D458B /* SignUp.swift in Sources */,
				2066B5092A23E19800919C6E /* CardView.swift in Sources */,
				2066B50B2A251F5B00919C6E /* UserProfile.swift in Sources */,
				204AFCE12A1CDD4D004D458B /* SignUpPage.swift in Sources */,
				2066B50D2A2524AE00919C6E /* AccountInformation.swift in Sources */,
				20B0F2A32A1A92A8004804D9 /* ApiConnect.swift in Sources */,
				20B0F2972A1A9277004804D9 /* ContentView.swift in Sources */,
				20B0F2952A1A9277004804D9 /* FinalProjectApp.swift in Sources */,
				204AFCDF2A1CDCAC004D458B /* OnBoarding.swift in Sources */,
				204AFCE52A1CEA25004D458B /* SignIn.swift in Sources */,
				205309B92A1F82E2005D4AAE /* SneakerCollection.swift in Sources */,
				2066B50F2A25DE3200919C6E /* OrderHistory.swift in Sources */,
			);
			runOnlyForDeploymentPostprocessing = 0;
		};
/* End PBXSourcesBuildPhase section */

/* Begin XCBuildConfiguration section */
		20B0F29D2A1A9278004804D9 /* Debug */ = {
			isa = XCBuildConfiguration;
			buildSettings = {
				ALWAYS_SEARCH_USER_PATHS = NO;
				CLANG_ANALYZER_NONNULL = YES;
				CLANG_ANALYZER_NUMBER_OBJECT_CONVERSION = YES_AGGRESSIVE;
				CLANG_CXX_LANGUAGE_STANDARD = "gnu++20";
				CLANG_ENABLE_MODULES = YES;
				CLANG_ENABLE_OBJC_ARC = YES;
				CLANG_ENABLE_OBJC_WEAK = YES;
				CLANG_WARN_BLOCK_CAPTURE_AUTORELEASING = YES;
				CLANG_WARN_BOOL_CONVERSION = YES;
				CLANG_WARN_COMMA = YES;
				CLANG_WARN_CONSTANT_CONVERSION = YES;
				CLANG_WARN_DEPRECATED_OBJC_IMPLEMENTATIONS = YES;
				CLANG_WARN_DIRECT_OBJC_ISA_USAGE = YES_ERROR;
				CLANG_WARN_DOCUMENTATION_COMMENTS = YES;
				CLANG_WARN_EMPTY_BODY = YES;
				CLANG_WARN_ENUM_CONVERSION = YES;
				CLANG_WARN_INFINITE_RECURSION = YES;
				CLANG_WARN_INT_CONVERSION = YES;
				CLANG_WARN_NON_LITERAL_NULL_CONVERSION = YES;
				CLANG_WARN_OBJC_IMPLICIT_RETAIN_SELF = YES;
				CLANG_WARN_OBJC_LITERAL_CONVERSION = YES;
				CLANG_WARN_OBJC_ROOT_CLASS = YES_ERROR;
				CLANG_WARN_QUOTED_INCLUDE_IN_FRAMEWORK_HEADER = YES;
				CLANG_WARN_RANGE_LOOP_ANALYSIS = YES;
				CLANG_WARN_STRICT_PROTOTYPES = YES;
				CLANG_WARN_SUSPICIOUS_MOVE = YES;
				CLANG_WARN_UNGUARDED_AVAILABILITY = YES_AGGRESSIVE;
				CLANG_WARN_UNREACHABLE_CODE = YES;
				CLANG_WARN__DUPLICATE_METHOD_MATCH = YES;
				COPY_PHASE_STRIP = NO;
				DEBUG_INFORMATION_FORMAT = dwarf;
				ENABLE_STRICT_OBJC_MSGSEND = YES;
				ENABLE_TESTABILITY = YES;
				GCC_C_LANGUAGE_STANDARD = gnu11;
				GCC_DYNAMIC_NO_PIC = NO;
				GCC_NO_COMMON_BLOCKS = YES;
				GCC_OPTIMIZATION_LEVEL = 0;
				GCC_PREPROCESSOR_DEFINITIONS = (
					"DEBUG=1",
					"$(inherited)",
				);
				GCC_WARN_64_TO_32_BIT_CONVERSION = YES;
				GCC_WARN_ABOUT_RETURN_TYPE = YES_ERROR;
				GCC_WARN_UNDECLARED_SELECTOR = YES;
				GCC_WARN_UNINITIALIZED_AUTOS = YES_AGGRESSIVE;
				GCC_WARN_UNUSED_FUNCTION = YES;
				GCC_WARN_UNUSED_VARIABLE = YES;
				IPHONEOS_DEPLOYMENT_TARGET = 16.2;
				MTL_ENABLE_DEBUG_INFO = INCLUDE_SOURCE;
				MTL_FAST_MATH = YES;
				ONLY_ACTIVE_ARCH = YES;
				SDKROOT = iphoneos;
				SWIFT_ACTIVE_COMPILATION_CONDITIONS = DEBUG;
				SWIFT_OPTIMIZATION_LEVEL = "-Onone";
			};
			name = Debug;
		};
		20B0F29E2A1A9278004804D9 /* Release */ = {
			isa = XCBuildConfiguration;
			buildSettings = {
				ALWAYS_SEARCH_USER_PATHS = NO;
				CLANG_ANALYZER_NONNULL = YES;
				CLANG_ANALYZER_NUMBER_OBJECT_CONVERSION = YES_AGGRESSIVE;
				CLANG_CXX_LANGUAGE_STANDARD = "gnu++20";
				CLANG_ENABLE_MODULES = YES;
				CLANG_ENABLE_OBJC_ARC = YES;
				CLANG_ENABLE_OBJC_WEAK = YES;
				CLANG_WARN_BLOCK_CAPTURE_AUTORELEASING = YES;
				CLANG_WARN_BOOL_CONVERSION = YES;
				CLANG_WARN_COMMA = YES;
				CLANG_WARN_CONSTANT_CONVERSION = YES;
				CLANG_WARN_DEPRECATED_OBJC_IMPLEMENTATIONS = YES;
				CLANG_WARN_DIRECT_OBJC_ISA_USAGE = YES_ERROR;
				CLANG_WARN_DOCUMENTATION_COMMENTS = YES;
				CLANG_WARN_EMPTY_BODY = YES;
				CLANG_WARN_ENUM_CONVERSION = YES;
				CLANG_WARN_INFINITE_RECURSION = YES;
				CLANG_WARN_INT_CONVERSION = YES;
				CLANG_WARN_NON_LITERAL_NULL_CONVERSION = YES;
				CLANG_WARN_OBJC_IMPLICIT_RETAIN_SELF = YES;
				CLANG_WARN_OBJC_LITERAL_CONVERSION = YES;
				CLANG_WARN_OBJC_ROOT_CLASS = YES_ERROR;
				CLANG_WARN_QUOTED_INCLUDE_IN_FRAMEWORK_HEADER = YES;
				CLANG_WARN_RANGE_LOOP_ANALYSIS = YES;
				CLANG_WARN_STRICT_PROTOTYPES = YES;
				CLANG_WARN_SUSPICIOUS_MOVE = YES;
				CLANG_WARN_UNGUARDED_AVAILABILITY = YES_AGGRESSIVE;
				CLANG_WARN_UNREACHABLE_CODE = YES;
				CLANG_WARN__DUPLICATE_METHOD_MATCH = YES;
				COPY_PHASE_STRIP = NO;
				DEBUG_INFORMATION_FORMAT = "dwarf-with-dsym";
				ENABLE_NS_ASSERTIONS = NO;
				ENABLE_STRICT_OBJC_MSGSEND = YES;
				GCC_C_LANGUAGE_STANDARD = gnu11;
				GCC_NO_COMMON_BLOCKS = YES;
				GCC_WARN_64_TO_32_BIT_CONVERSION = YES;
				GCC_WARN_ABOUT_RETURN_TYPE = YES_ERROR;
				GCC_WARN_UNDECLARED_SELECTOR = YES;
				GCC_WARN_UNINITIALIZED_AUTOS = YES_AGGRESSIVE;
				GCC_WARN_UNUSED_FUNCTION = YES;
				GCC_WARN_UNUSED_VARIABLE = YES;
				IPHONEOS_DEPLOYMENT_TARGET = 16.2;
				MTL_ENABLE_DEBUG_INFO = NO;
				MTL_FAST_MATH = YES;
				SDKROOT = iphoneos;
				SWIFT_COMPILATION_MODE = wholemodule;
				SWIFT_OPTIMIZATION_LEVEL = "-O";
				VALIDATE_PRODUCT = YES;
			};
			name = Release;
		};
		20B0F2A02A1A9278004804D9 /* Debug */ = {
			isa = XCBuildConfiguration;
			buildSettings = {
				ASSETCATALOG_COMPILER_APPICON_NAME = AppIcon;
				ASSETCATALOG_COMPILER_GLOBAL_ACCENT_COLOR_NAME = AccentColor;
				CODE_SIGN_STYLE = Automatic;
				CURRENT_PROJECT_VERSION = 1;
				DEVELOPMENT_ASSET_PATHS = "\"FinalProject/Preview Content\"";
				DEVELOPMENT_TEAM = 2S7WM8DH7R;
				ENABLE_PREVIEWS = YES;
				GENERATE_INFOPLIST_FILE = YES;
				INFOPLIST_KEY_UIApplicationSceneManifest_Generation = YES;
				INFOPLIST_KEY_UIApplicationSupportsIndirectInputEvents = YES;
				INFOPLIST_KEY_UILaunchScreen_Generation = YES;
				INFOPLIST_KEY_UISupportedInterfaceOrientations_iPad = "UIInterfaceOrientationPortrait UIInterfaceOrientationPortraitUpsideDown UIInterfaceOrientationLandscapeLeft UIInterfaceOrientationLandscapeRight";
				INFOPLIST_KEY_UISupportedInterfaceOrientations_iPhone = "UIInterfaceOrientationPortrait UIInterfaceOrientationLandscapeLeft UIInterfaceOrientationLandscapeRight";
				LD_RUNPATH_SEARCH_PATHS = (
					"$(inherited)",
					"@executable_path/Frameworks",
				);
				MARKETING_VERSION = 1.0;
				PRODUCT_BUNDLE_IDENTIFIER = "Abylay-default-project.FinalProject";
				PRODUCT_NAME = "$(TARGET_NAME)";
				SWIFT_EMIT_LOC_STRINGS = YES;
				SWIFT_VERSION = 5.0;
				TARGETED_DEVICE_FAMILY = "1,2";
			};
			name = Debug;
		};
		20B0F2A12A1A9278004804D9 /* Release */ = {
			isa = XCBuildConfiguration;
			buildSettings = {
				ASSETCATALOG_COMPILER_APPICON_NAME = AppIcon;
				ASSETCATALOG_COMPILER_GLOBAL_ACCENT_COLOR_NAME = AccentColor;
				CODE_SIGN_STYLE = Automatic;
				CURRENT_PROJECT_VERSION = 1;
				DEVELOPMENT_ASSET_PATHS = "\"FinalProject/Preview Content\"";
				DEVELOPMENT_TEAM = 2S7WM8DH7R;
				ENABLE_PREVIEWS = YES;
				GENERATE_INFOPLIST_FILE = YES;
				INFOPLIST_KEY_UIApplicationSceneManifest_Generation = YES;
				INFOPLIST_KEY_UIApplicationSupportsIndirectInputEvents = YES;
				INFOPLIST_KEY_UILaunchScreen_Generation = YES;
				INFOPLIST_KEY_UISupportedInterfaceOrientations_iPad = "UIInterfaceOrientationPortrait UIInterfaceOrientationPortraitUpsideDown UIInterfaceOrientationLandscapeLeft UIInterfaceOrientationLandscapeRight";
				INFOPLIST_KEY_UISupportedInterfaceOrientations_iPhone = "UIInterfaceOrientationPortrait UIInterfaceOrientationLandscapeLeft UIInterfaceOrientationLandscapeRight";
				LD_RUNPATH_SEARCH_PATHS = (
					"$(inherited)",
					"@executable_path/Frameworks",
				);
				MARKETING_VERSION = 1.0;
				PRODUCT_BUNDLE_IDENTIFIER = "Abylay-default-project.FinalProject";
				PRODUCT_NAME = "$(TARGET_NAME)";
				SWIFT_EMIT_LOC_STRINGS = YES;
				SWIFT_VERSION = 5.0;
				TARGETED_DEVICE_FAMILY = "1,2";
			};
			name = Release;
		};
/* End XCBuildConfiguration section */

/* Begin XCConfigurationList section */
		20B0F28C2A1A9277004804D9 /* Build configuration list for PBXProject "FinalProject" */ = {
			isa = XCConfigurationList;
			buildConfigurations = (
				20B0F29D2A1A9278004804D9 /* Debug */,
				20B0F29E2A1A9278004804D9 /* Release */,
			);
			defaultConfigurationIsVisible = 0;
			defaultConfigurationName = Release;
		};
		20B0F29F2A1A9278004804D9 /* Build configuration list for PBXNativeTarget "FinalProject" */ = {
			isa = XCConfigurationList;
			buildConfigurations = (
				20B0F2A02A1A9278004804D9 /* Debug */,
				20B0F2A12A1A9278004804D9 /* Release */,
			);
			defaultConfigurationIsVisible = 0;
			defaultConfigurationName = Release;
		};
/* End XCConfigurationList section */
	};
	rootObject = 20B0F2892A1A9277004804D9 /* Project object */;
}
